
Microsoft Visual Studio Solution File, Format Version 12.00
# Visual Studio Version 17
VisualStudioVersion = 17.8.34316.72
MinimumVisualStudioVersion = 10.0.40219.1
Project("{9A19103F-16F7-4668-BE54-9A1E7A4F7556}") = "ShopOnline.Web", "ShopOnline.Web\ShopOnline.Web.csproj", "{71482165-18C2-43EB-B4C0-8FF4B5A89115}"
EndProject
Project("{9A19103F-16F7-4668-BE54-9A1E7A4F7556}") = "ShopOnline.Api", "ShopOnline.Api\ShopOnline.Api.csproj", "{0D0798BF-2A68-4F16-BE27-F3ADAFA5993D}"
EndProject
Project("{FAE04EC0-301F-11D3-BF4B-00C04F79EFBC}") = "ShopOnline.Models", "ShopOnline.Models\ShopOnline.Models.csproj", "{72E4884F-902E-44EB-BF5A-43B1EDA1C08F}"
EndProject
Global
	GlobalSection(SolutionConfigurationPlatforms) = preSolution
		Debug|Any CPU = Debug|Any CPU
		Release|Any CPU = Release|Any CPU
	EndGlobalSection
	GlobalSection(ProjectConfigurationPlatforms) = postSolution
		{71482165-18C2-43EB-B4C0-8FF4B5A89115}.Debug|Any CPU.ActiveCfg = Debug|Any CPU
		{71482165-18C2-43EB-B4C0-8FF4B5A89115}.Debug|Any CPU.Build.0 = Debug|Any CPU
		{71482165-18C2-43EB-B4C0-8FF4B5A89115}.Release|Any CPU.ActiveCfg = Release|Any CPU
		{71482165-18C2-43EB-B4C0-8FF4B5A89115}.Release|Any CPU.Build.0 = Release|Any CPU
		{0D0798BF-2A68-4F16-BE27-F3ADAFA5993D}.Debug|Any CPU.ActiveCfg = Debug|Any CPU
		{0D0798BF-2A68-4F16-BE27-F3ADAFA5993D}.Debug|Any CPU.Build.0 = Debug|Any CPU
		{0D0798BF-2A68-4F16-BE27-F3ADAFA5993D}.Release|Any CPU.ActiveCfg = Release|Any CPU
		{0D0798BF-2A68-4F16-BE27-F3ADAFA5993D}.Release|Any CPU.Build.0 = Release|Any CPU
		{72E4884F-902E-44EB-BF5A-43B1EDA1C08F}.Debug|Any CPU.ActiveCfg = Debug|Any CPU
		{72E4884F-902E-44EB-BF5A-43B1EDA1C08F}.Debug|Any CPU.Build.0 = Debug|Any CPU
		{72E4884F-902E-44EB-BF5A-43B1EDA1C08F}.Release|Any CPU.ActiveCfg = Release|Any CPU
		{72E4884F-902E-44EB-BF5A-43B1EDA1C08F}.Release|Any CPU.Build.0 = Release|Any CPU
	EndGlobalSection
	GlobalSection(SolutionProperties) = preSolution
		HideSolutionNode = FALSE
	EndGlobalSection
	GlobalSection(ExtensibilityGlobals) = postSolution
		SolutionGuid = {AEBDFADB-4D51-4E5C-BEDF-8D92BCBE76A8}
	EndGlobalSection
EndGlobal
